{
  "name": "kbds",
  "lockfileVersion": 3,
  "requires": true,
  "packages": {
    "": {
      "dependencies": {
        "@fontsource/fira-code": "^5.3.0"
      }
    },
    "node_modules/@fontsource/fira-code": {
      "version": "5.3.0",
      "resolved": "https://registry.npmjs.org/@fontsource/fira-code/-/fira-code-5.3.0.tgz",
      "integrity": "sha512-EJL968RJRkakubAj/coU8pSUaeTE5UNoRjtzAr6kGiSZ3jWuN8/AKWHwym/PFUaQL1q7IL/H+EXs4358YhrTBQ==",
      "license": "OFL-1.1",
      "funding": {
        "url": "https://github.com/sponsors/ayuhito"
      }
    }
  }
}
